// !$*UTF8*$!
{
	archiveVersion = 1;
	classes = {
	};
	objectVersion = 51;
	objects = {

/* Begin PBXBuildFile section */
		7C24D0A2249134BD00255BC2 /* PostCell.swift in Sources */ = {isa = PBXBuildFile; fileRef = 7C24D0A1249134BD00255BC2 /* PostCell.swift */; };
		7C24D0A5249148D100255BC2 /* ActionBar.swift in Sources */ = {isa = PBXBuildFile; fileRef = 7C24D0A4249148D100255BC2 /* ActionBar.swift */; };
		7C2FA62E24884BC900A13BD3 /* RestClient.swift in Sources */ = {isa = PBXBuildFile; fileRef = 7C2FA62D24884BC900A13BD3 /* RestClient.swift */; };
		7C56C3B524883211009E1B67 /* AppDelegate.swift in Sources */ = {isa = PBXBuildFile; fileRef = 7C56C3B424883211009E1B67 /* AppDelegate.swift */; };
		7C56C3B724883211009E1B67 /* SceneDelegate.swift in Sources */ = {isa = PBXBuildFile; fileRef = 7C56C3B624883211009E1B67 /* SceneDelegate.swift */; };
		7C56C3B924883211009E1B67 /* ContentView.swift in Sources */ = {isa = PBXBuildFile; fileRef = 7C56C3B824883211009E1B67 /* ContentView.swift */; };
		7C56C3BB24883215009E1B67 /* Assets.xcassets in Resources */ = {isa = PBXBuildFile; fileRef = 7C56C3BA24883215009E1B67 /* Assets.xcassets */; };
		7C56C3BE24883215009E1B67 /* Preview Assets.xcassets in Resources */ = {isa = PBXBuildFile; fileRef = 7C56C3BD24883215009E1B67 /* Preview Assets.xcassets */; };
		7C56C3C124883215009E1B67 /* LaunchScreen.storyboard in Resources */ = {isa = PBXBuildFile; fileRef = 7C56C3BF24883215009E1B67 /* LaunchScreen.storyboard */; };
		7C56C3CF248833DC009E1B67 /* LoginResult.swift in Sources */ = {isa = PBXBuildFile; fileRef = 7C56C3CE248833DC009E1B67 /* LoginResult.swift */; };
		7C56C3D724883C08009E1B67 /* LoginRequest.swift in Sources */ = {isa = PBXBuildFile; fileRef = 7C56C3D624883C08009E1B67 /* LoginRequest.swift */; };
		7C56C3D924883C6D009E1B67 /* LoginResponse.swift in Sources */ = {isa = PBXBuildFile; fileRef = 7C56C3D824883C6D009E1B67 /* LoginResponse.swift */; };
		7C56C3DE24883D02009E1B67 /* RegisterResponse.swift in Sources */ = {isa = PBXBuildFile; fileRef = 7C56C3DD24883D02009E1B67 /* RegisterResponse.swift */; };
		7C56C3E024883D3B009E1B67 /* RegisterRequest.swift in Sources */ = {isa = PBXBuildFile; fileRef = 7C56C3DF24883D3B009E1B67 /* RegisterRequest.swift */; };
		7C67843B2494F70B006D9D95 /* FeedViewModel.swift in Sources */ = {isa = PBXBuildFile; fileRef = 7C67843A2494F70B006D9D95 /* FeedViewModel.swift */; };
		7C799DE3248C22F800882BA9 /* SwiftUIDismissKeyboard.swift in Sources */ = {isa = PBXBuildFile; fileRef = 7C799DE2248C22F800882BA9 /* SwiftUIDismissKeyboard.swift */; };
		7C799DE5248C233300882BA9 /* UIResponder++.swift in Sources */ = {isa = PBXBuildFile; fileRef = 7C799DE4248C233300882BA9 /* UIResponder++.swift */; };
		7C799DE7248C235F00882BA9 /* UIView++.swift in Sources */ = {isa = PBXBuildFile; fileRef = 7C799DE6248C235F00882BA9 /* UIView++.swift */; };
		7C799DE9248C237E00882BA9 /* SwiftUIKeyboardHost.swift in Sources */ = {isa = PBXBuildFile; fileRef = 7C799DE8248C237E00882BA9 /* SwiftUIKeyboardHost.swift */; };
		7C799DF2248C5A8400882BA9 /* FeedView.swift in Sources */ = {isa = PBXBuildFile; fileRef = 7C799DF1248C5A8400882BA9 /* FeedView.swift */; };
		7C799DF5248D0EBA00882BA9 /* Extensions.swift in Sources */ = {isa = PBXBuildFile; fileRef = 7C799DF4248D0EBA00882BA9 /* Extensions.swift */; };
		7C799DF9248D39B500882BA9 /* LoginViewModel.swift in Sources */ = {isa = PBXBuildFile; fileRef = 7C799DF8248D39B400882BA9 /* LoginViewModel.swift */; };
		7C84C20B248FCFC2004A74E3 /* SessionHelper.swift in Sources */ = {isa = PBXBuildFile; fileRef = 7C84C20A248FCFC2004A74E3 /* SessionHelper.swift */; };
		7CD75DBF2492DCC000CB7C7D /* PostContent.swift in Sources */ = {isa = PBXBuildFile; fileRef = 7CD75DBE2492DCC000CB7C7D /* PostContent.swift */; };
		7CD75DC32492DE8100CB7C7D /* FeedResponse.swift in Sources */ = {isa = PBXBuildFile; fileRef = 7CD75DC22492DE8100CB7C7D /* FeedResponse.swift */; };
		7CD75DCA2492E13D00CB7C7D /* FeedResult.swift in Sources */ = {isa = PBXBuildFile; fileRef = 7CD75DC92492E13D00CB7C7D /* FeedResult.swift */; };
		7CD86439248BA0AE00316CFA /* AnyEncodable.swift in Sources */ = {isa = PBXBuildFile; fileRef = 7CD86438248BA0AE00316CFA /* AnyEncodable.swift */; };
		7CD8643B248BA0EA00316CFA /* API.swift in Sources */ = {isa = PBXBuildFile; fileRef = 7CD8643A248BA0EA00316CFA /* API.swift */; };
		7CD8643E248BB51900316CFA /* LoginView.swift in Sources */ = {isa = PBXBuildFile; fileRef = 7CD8643D248BB51900316CFA /* LoginView.swift */; };
		7CD86440248BDC6200316CFA /* RegisterView.swift in Sources */ = {isa = PBXBuildFile; fileRef = 7CD8643F248BDC6200316CFA /* RegisterView.swift */; };
		7CD86443248BDCF200316CFA /* RegisterResult.swift in Sources */ = {isa = PBXBuildFile; fileRef = 7CD86442248BDCF200316CFA /* RegisterResult.swift */; };
		ECDDFB670E240834FC1560DB /* Pods_bungeeapp.framework in Frameworks */ = {isa = PBXBuildFile; fileRef = 129FE6695586697B38069166 /* Pods_bungeeapp.framework */; };
/* End PBXBuildFile section */

/* Begin PBXFileReference section */
		129FE6695586697B38069166 /* Pods_bungeeapp.framework */ = {isa = PBXFileReference; explicitFileType = wrapper.framework; includeInIndex = 0; path = Pods_bungeeapp.framework; sourceTree = BUILT_PRODUCTS_DIR; };
		22FFADD7D58664974595B779 /* Pods-bungeeapp.debug.xcconfig */ = {isa = PBXFileReference; includeInIndex = 1; lastKnownFileType = text.xcconfig; name = "Pods-bungeeapp.debug.xcconfig"; path = "Target Support Files/Pods-bungeeapp/Pods-bungeeapp.debug.xcconfig"; sourceTree = "<group>"; };
		7C24D0A1249134BD00255BC2 /* PostCell.swift */ = {isa = PBXFileReference; lastKnownFileType = sourcecode.swift; path = PostCell.swift; sourceTree = "<group>"; };
		7C24D0A4249148D100255BC2 /* ActionBar.swift */ = {isa = PBXFileReference; lastKnownFileType = sourcecode.swift; path = ActionBar.swift; sourceTree = "<group>"; };
		7C2FA62D24884BC900A13BD3 /* RestClient.swift */ = {isa = PBXFileReference; lastKnownFileType = sourcecode.swift; path = RestClient.swift; sourceTree = "<group>"; };
		7C56C3B124883211009E1B67 /* bungeeapp.app */ = {isa = PBXFileReference; explicitFileType = wrapper.application; includeInIndex = 0; path = bungeeapp.app; sourceTree = BUILT_PRODUCTS_DIR; };
		7C56C3B424883211009E1B67 /* AppDelegate.swift */ = {isa = PBXFileReference; lastKnownFileType = sourcecode.swift; path = AppDelegate.swift; sourceTree = "<group>"; };
		7C56C3B624883211009E1B67 /* SceneDelegate.swift */ = {isa = PBXFileReference; lastKnownFileType = sourcecode.swift; path = SceneDelegate.swift; sourceTree = "<group>"; };
		7C56C3B824883211009E1B67 /* ContentView.swift */ = {isa = PBXFileReference; lastKnownFileType = sourcecode.swift; path = ContentView.swift; sourceTree = "<group>"; };
		7C56C3BA24883215009E1B67 /* Assets.xcassets */ = {isa = PBXFileReference; lastKnownFileType = folder.assetcatalog; path = Assets.xcassets; sourceTree = "<group>"; };
		7C56C3BD24883215009E1B67 /* Preview Assets.xcassets */ = {isa = PBXFileReference; lastKnownFileType = folder.assetcatalog; path = "Preview Assets.xcassets"; sourceTree = "<group>"; };
		7C56C3C024883215009E1B67 /* Base */ = {isa = PBXFileReference; lastKnownFileType = file.storyboard; name = Base; path = Base.lproj/LaunchScreen.storyboard; sourceTree = "<group>"; };
		7C56C3C224883215009E1B67 /* Info.plist */ = {isa = PBXFileReference; lastKnownFileType = text.plist.xml; path = Info.plist; sourceTree = "<group>"; };
		7C56C3CE248833DC009E1B67 /* LoginResult.swift */ = {isa = PBXFileReference; lastKnownFileType = sourcecode.swift; path = LoginResult.swift; sourceTree = "<group>"; };
		7C56C3D624883C08009E1B67 /* LoginRequest.swift */ = {isa = PBXFileReference; lastKnownFileType = sourcecode.swift; path = LoginRequest.swift; sourceTree = "<group>"; };
		7C56C3D824883C6D009E1B67 /* LoginResponse.swift */ = {isa = PBXFileReference; lastKnownFileType = sourcecode.swift; path = LoginResponse.swift; sourceTree = "<group>"; };
		7C56C3DD24883D02009E1B67 /* RegisterResponse.swift */ = {isa = PBXFileReference; lastKnownFileType = sourcecode.swift; path = RegisterResponse.swift; sourceTree = "<group>"; };
		7C56C3DF24883D3B009E1B67 /* RegisterRequest.swift */ = {isa = PBXFileReference; lastKnownFileType = sourcecode.swift; path = RegisterRequest.swift; sourceTree = "<group>"; };
		7C67843A2494F70B006D9D95 /* FeedViewModel.swift */ = {isa = PBXFileReference; lastKnownFileType = sourcecode.swift; path = FeedViewModel.swift; sourceTree = "<group>"; };
		7C799DE2248C22F800882BA9 /* SwiftUIDismissKeyboard.swift */ = {isa = PBXFileReference; lastKnownFileType = sourcecode.swift; path = SwiftUIDismissKeyboard.swift; sourceTree = "<group>"; };
		7C799DE4248C233300882BA9 /* UIResponder++.swift */ = {isa = PBXFileReference; lastKnownFileType = sourcecode.swift; path = "UIResponder++.swift"; sourceTree = "<group>"; };
		7C799DE6248C235F00882BA9 /* UIView++.swift */ = {isa = PBXFileReference; lastKnownFileType = sourcecode.swift; path = "UIView++.swift"; sourceTree = "<group>"; };
		7C799DE8248C237E00882BA9 /* SwiftUIKeyboardHost.swift */ = {isa = PBXFileReference; lastKnownFileType = sourcecode.swift; path = SwiftUIKeyboardHost.swift; sourceTree = "<group>"; };
		7C799DF1248C5A8400882BA9 /* FeedView.swift */ = {isa = PBXFileReference; lastKnownFileType = sourcecode.swift; path = FeedView.swift; sourceTree = "<group>"; };
		7C799DF4248D0EBA00882BA9 /* Extensions.swift */ = {isa = PBXFileReference; lastKnownFileType = sourcecode.swift; path = Extensions.swift; sourceTree = "<group>"; };
		7C799DF8248D39B400882BA9 /* LoginViewModel.swift */ = {isa = PBXFileReference; lastKnownFileType = sourcecode.swift; path = LoginViewModel.swift; sourceTree = "<group>"; };
		7C84C20A248FCFC2004A74E3 /* SessionHelper.swift */ = {isa = PBXFileReference; lastKnownFileType = sourcecode.swift; path = SessionHelper.swift; sourceTree = "<group>"; };
		7CD75DBE2492DCC000CB7C7D /* PostContent.swift */ = {isa = PBXFileReference; lastKnownFileType = sourcecode.swift; path = PostContent.swift; sourceTree = "<group>"; };
		7CD75DC22492DE8100CB7C7D /* FeedResponse.swift */ = {isa = PBXFileReference; lastKnownFileType = sourcecode.swift; path = FeedResponse.swift; sourceTree = "<group>"; };
		7CD75DC92492E13D00CB7C7D /* FeedResult.swift */ = {isa = PBXFileReference; lastKnownFileType = sourcecode.swift; path = FeedResult.swift; sourceTree = "<group>"; };
		7CD86438248BA0AE00316CFA /* AnyEncodable.swift */ = {isa = PBXFileReference; lastKnownFileType = sourcecode.swift; path = AnyEncodable.swift; sourceTree = "<group>"; };
		7CD8643A248BA0EA00316CFA /* API.swift */ = {isa = PBXFileReference; lastKnownFileType = sourcecode.swift; path = API.swift; sourceTree = "<group>"; };
		7CD8643D248BB51900316CFA /* LoginView.swift */ = {isa = PBXFileReference; lastKnownFileType = sourcecode.swift; path = LoginView.swift; sourceTree = "<group>"; };
		7CD8643F248BDC6200316CFA /* RegisterView.swift */ = {isa = PBXFileReference; lastKnownFileType = sourcecode.swift; path = RegisterView.swift; sourceTree = "<group>"; };
		7CD86442248BDCF200316CFA /* RegisterResult.swift */ = {isa = PBXFileReference; lastKnownFileType = sourcecode.swift; path = RegisterResult.swift; sourceTree = "<group>"; };
		9A7D12D58C37E54767D3BFCB /* Pods-bungeeapp.release.xcconfig */ = {isa = PBXFileReference; includeInIndex = 1; lastKnownFileType = text.xcconfig; name = "Pods-bungeeapp.release.xcconfig"; path = "Target Support Files/Pods-bungeeapp/Pods-bungeeapp.release.xcconfig"; sourceTree = "<group>"; };
/* End PBXFileReference section */

/* Begin PBXFrameworksBuildPhase section */
		7C56C3AE24883211009E1B67 /* Frameworks */ = {
			isa = PBXFrameworksBuildPhase;
			buildActionMask = 2147483647;
			files = (
				ECDDFB670E240834FC1560DB /* Pods_bungeeapp.framework in Frameworks */,
			);
			runOnlyForDeploymentPostprocessing = 0;
		};
/* End PBXFrameworksBuildPhase section */

/* Begin PBXGroup section */
		650902DF72EA5EC6BB40E981 /* Pods */ = {
			isa = PBXGroup;
			children = (
				22FFADD7D58664974595B779 /* Pods-bungeeapp.debug.xcconfig */,
				9A7D12D58C37E54767D3BFCB /* Pods-bungeeapp.release.xcconfig */,
			);
			path = Pods;
			sourceTree = "<group>";
		};
		7C1B00C1248C1945005BE5F9 /* Helpers */ = {
			isa = PBXGroup;
			children = (
				7C84C209248FCFAC004A74E3 /* Session */,
				7C1B00C2248C194E005BE5F9 /* KeyboardHelper */,
			);
			path = Helpers;
			sourceTree = "<group>";
		};
		7C1B00C2248C194E005BE5F9 /* KeyboardHelper */ = {
			isa = PBXGroup;
			children = (
				7C799DE2248C22F800882BA9 /* SwiftUIDismissKeyboard.swift */,
				7C799DE4248C233300882BA9 /* UIResponder++.swift */,
				7C799DE6248C235F00882BA9 /* UIView++.swift */,
				7C799DE8248C237E00882BA9 /* SwiftUIKeyboardHost.swift */,
			);
			path = KeyboardHelper;
			sourceTree = "<group>";
		};
		7C24D09F2491347000255BC2 /* Components */ = {
			isa = PBXGroup;
			children = (
				7C24D0A02491348300255BC2 /* PostCell */,
			);
			path = Components;
			sourceTree = "<group>";
		};
		7C24D0A02491348300255BC2 /* PostCell */ = {
			isa = PBXGroup;
			children = (
				7C24D0A3249148BB00255BC2 /* PostCellItems */,
				7C24D0A1249134BD00255BC2 /* PostCell.swift */,
			);
			path = PostCell;
			sourceTree = "<group>";
		};
		7C24D0A3249148BB00255BC2 /* PostCellItems */ = {
			isa = PBXGroup;
			children = (
				7C24D0A4249148D100255BC2 /* ActionBar.swift */,
			);
			path = PostCellItems;
			sourceTree = "<group>";
		};
		7C56C3A824883211009E1B67 = {
			isa = PBXGroup;
			children = (
				7C56C3B324883211009E1B67 /* bungeeapp */,
				7C56C3B224883211009E1B67 /* Products */,
				650902DF72EA5EC6BB40E981 /* Pods */,
				D830B169DC93BCDBA14DC72C /* Frameworks */,
			);
			sourceTree = "<group>";
		};
		7C56C3B224883211009E1B67 /* Products */ = {
			isa = PBXGroup;
			children = (
				7C56C3B124883211009E1B67 /* bungeeapp.app */,
			);
			name = Products;
			sourceTree = "<group>";
		};
		7C56C3B324883211009E1B67 /* bungeeapp */ = {
			isa = PBXGroup;
			children = (
				7C24D09F2491347000255BC2 /* Components */,
				7C799DF6248D399800882BA9 /* ViewModels */,
				7C799DF3248D0E9400882BA9 /* Extensions */,
				7C799DEA248C284600882BA9 /* Supporting Files */,
				7C1B00C1248C1945005BE5F9 /* Helpers */,
				7CD8643C248BB50800316CFA /* Scenes */,
				7C56C3C8248832B0009E1B67 /* Services */,
				7C56C3B424883211009E1B67 /* AppDelegate.swift */,
				7C56C3B624883211009E1B67 /* SceneDelegate.swift */,
				7C56C3B824883211009E1B67 /* ContentView.swift */,
				7C56C3BF24883215009E1B67 /* LaunchScreen.storyboard */,
				7C56C3BA24883215009E1B67 /* Assets.xcassets */,
				7C56C3C224883215009E1B67 /* Info.plist */,
				7C56C3BC24883215009E1B67 /* Preview Content */,
			);
			path = bungeeapp;
			sourceTree = "<group>";
		};
		7C56C3BC24883215009E1B67 /* Preview Content */ = {
			isa = PBXGroup;
			children = (
				7C56C3BD24883215009E1B67 /* Preview Assets.xcassets */,
			);
			path = "Preview Content";
			sourceTree = "<group>";
		};
		7C56C3C8248832B0009E1B67 /* Services */ = {
			isa = PBXGroup;
			children = (
				7C56C3CA2488331A009E1B67 /* API */,
				7C56C3C924883311009E1B67 /* Rest Client */,
				7CD86438248BA0AE00316CFA /* AnyEncodable.swift */,
			);
			path = Services;
			sourceTree = "<group>";
		};
		7C56C3C924883311009E1B67 /* Rest Client */ = {
			isa = PBXGroup;
			children = (
				7C56C3D124883BD2009E1B67 /* Models */,
				7C2FA62D24884BC900A13BD3 /* RestClient.swift */,
			);
			path = "Rest Client";
			sourceTree = "<group>";
		};
		7C56C3CA2488331A009E1B67 /* API */ = {
			isa = PBXGroup;
			children = (
				7C56C3CB24883382009E1B67 /* Model */,
				7CD8643A248BA0EA00316CFA /* API.swift */,
			);
			path = API;
			sourceTree = "<group>";
		};
		7C56C3CB24883382009E1B67 /* Model */ = {
			isa = PBXGroup;
			children = (
				7CD75DC72492E12700CB7C7D /* Profiles */,
				7CD75DC42492E0F600CB7C7D /* Post */,
				7C56C3CC248833A2009E1B67 /* Account */,
			);
			path = Model;
			sourceTree = "<group>";
		};
		7C56C3CC248833A2009E1B67 /* Account */ = {
			isa = PBXGroup;
			children = (
				7CD86441248BDCE400316CFA /* Register */,
				7C56C3CD248833BB009E1B67 /* Login */,
			);
			path = Account;
			sourceTree = "<group>";
		};
		7C56C3CD248833BB009E1B67 /* Login */ = {
			isa = PBXGroup;
			children = (
				7C56C3CE248833DC009E1B67 /* LoginResult.swift */,
			);
			path = Login;
			sourceTree = "<group>";
		};
		7C56C3D124883BD2009E1B67 /* Models */ = {
			isa = PBXGroup;
			children = (
				7CD75DC02492DE5100CB7C7D /* Profiles */,
				7CD75DBD2492DCB000CB7C7D /* Post */,
				7C56C3D224883BD8009E1B67 /* Accounts */,
			);
			path = Models;
			sourceTree = "<group>";
		};
		7C56C3D224883BD8009E1B67 /* Accounts */ = {
			isa = PBXGroup;
			children = (
				7C56C3DA24883CCE009E1B67 /* Register */,
				7C56C3D324883BE2009E1B67 /* Login */,
			);
			path = Accounts;
			sourceTree = "<group>";
		};
		7C56C3D324883BE2009E1B67 /* Login */ = {
			isa = PBXGroup;
			children = (
				7C56C3D524883BF0009E1B67 /* Request */,
				7C56C3D424883BE8009E1B67 /* Response */,
			);
			path = Login;
			sourceTree = "<group>";
		};
		7C56C3D424883BE8009E1B67 /* Response */ = {
			isa = PBXGroup;
			children = (
				7C56C3D824883C6D009E1B67 /* LoginResponse.swift */,
			);
			path = Response;
			sourceTree = "<group>";
		};
		7C56C3D524883BF0009E1B67 /* Request */ = {
			isa = PBXGroup;
			children = (
				7C56C3D624883C08009E1B67 /* LoginRequest.swift */,
			);
			path = Request;
			sourceTree = "<group>";
		};
		7C56C3DA24883CCE009E1B67 /* Register */ = {
			isa = PBXGroup;
			children = (
				7C56C3DC24883CDD009E1B67 /* Response */,
				7C56C3DB24883CD8009E1B67 /* Request */,
			);
			path = Register;
			sourceTree = "<group>";
		};
		7C56C3DB24883CD8009E1B67 /* Request */ = {
			isa = PBXGroup;
			children = (
				7C56C3DF24883D3B009E1B67 /* RegisterRequest.swift */,
			);
			path = Request;
			sourceTree = "<group>";
		};
		7C56C3DC24883CDD009E1B67 /* Response */ = {
			isa = PBXGroup;
			children = (
				7C56C3DD24883D02009E1B67 /* RegisterResponse.swift */,
			);
			path = Response;
			sourceTree = "<group>";
		};
		7C6784392494F6F9006D9D95 /* Feed */ = {
			isa = PBXGroup;
			children = (
				7C67843A2494F70B006D9D95 /* FeedViewModel.swift */,
			);
			path = Feed;
			sourceTree = "<group>";
		};
		7C799DEA248C284600882BA9 /* Supporting Files */ = {
			isa = PBXGroup;
			children = (
			);
			path = "Supporting Files";
			sourceTree = "<group>";
		};
		7C799DF3248D0E9400882BA9 /* Extensions */ = {
			isa = PBXGroup;
			children = (
				7C799DF4248D0EBA00882BA9 /* Extensions.swift */,
			);
			path = Extensions;
			sourceTree = "<group>";
		};
		7C799DF6248D399800882BA9 /* ViewModels */ = {
			isa = PBXGroup;
			children = (
				7C6784392494F6F9006D9D95 /* Feed */,
				7C799DF7248D39A600882BA9 /* Login */,
			);
			path = ViewModels;
			sourceTree = "<group>";
		};
		7C799DF7248D39A600882BA9 /* Login */ = {
			isa = PBXGroup;
			children = (
				7C799DF8248D39B400882BA9 /* LoginViewModel.swift */,
			);
			path = Login;
			sourceTree = "<group>";
		};
		7C84C209248FCFAC004A74E3 /* Session */ = {
			isa = PBXGroup;
			children = (
				7C84C20A248FCFC2004A74E3 /* SessionHelper.swift */,
			);
			path = Session;
			sourceTree = "<group>";
		};
		7CD75DBD2492DCB000CB7C7D /* Post */ = {
			isa = PBXGroup;
			children = (
				7CD75DBE2492DCC000CB7C7D /* PostContent.swift */,
			);
			path = Post;
			sourceTree = "<group>";
		};
		7CD75DC02492DE5100CB7C7D /* Profiles */ = {
			isa = PBXGroup;
			children = (
				7CD75DC12492DE5E00CB7C7D /* Feed */,
			);
			path = Profiles;
			sourceTree = "<group>";
		};
		7CD75DC12492DE5E00CB7C7D /* Feed */ = {
			isa = PBXGroup;
			children = (
				7CD75DC22492DE8100CB7C7D /* FeedResponse.swift */,
			);
			path = Feed;
			sourceTree = "<group>";
		};
		7CD75DC42492E0F600CB7C7D /* Post */ = {
			isa = PBXGroup;
			children = (
			);
			path = Post;
			sourceTree = "<group>";
		};
		7CD75DC72492E12700CB7C7D /* Profiles */ = {
			isa = PBXGroup;
			children = (
				7CD75DC82492E12D00CB7C7D /* Feed */,
			);
			path = Profiles;
			sourceTree = "<group>";
		};
		7CD75DC82492E12D00CB7C7D /* Feed */ = {
			isa = PBXGroup;
			children = (
				7CD75DC92492E13D00CB7C7D /* FeedResult.swift */,
			);
			path = Feed;
			sourceTree = "<group>";
		};
		7CD8643C248BB50800316CFA /* Scenes */ = {
			isa = PBXGroup;
			children = (
				7CD8643D248BB51900316CFA /* LoginView.swift */,
				7CD8643F248BDC6200316CFA /* RegisterView.swift */,
				7C799DF1248C5A8400882BA9 /* FeedView.swift */,
			);
			path = Scenes;
			sourceTree = "<group>";
		};
		7CD86441248BDCE400316CFA /* Register */ = {
			isa = PBXGroup;
			children = (
				7CD86442248BDCF200316CFA /* RegisterResult.swift */,
			);
			path = Register;
			sourceTree = "<group>";
		};
		D830B169DC93BCDBA14DC72C /* Frameworks */ = {
			isa = PBXGroup;
			children = (
				129FE6695586697B38069166 /* Pods_bungeeapp.framework */,
			);
			name = Frameworks;
			sourceTree = "<group>";
		};
/* End PBXGroup section */

/* Begin PBXNativeTarget section */
		7C56C3B024883211009E1B67 /* bungeeapp */ = {
			isa = PBXNativeTarget;
			buildConfigurationList = 7C56C3C524883215009E1B67 /* Build configuration list for PBXNativeTarget "bungeeapp" */;
			buildPhases = (
				1D9A62413A4567B32F896213 /* [CP] Check Pods Manifest.lock */,
				7C56C3AD24883211009E1B67 /* Sources */,
				7C56C3AE24883211009E1B67 /* Frameworks */,
				7C56C3AF24883211009E1B67 /* Resources */,
				7586C72EC50DD32FB5209B69 /* [CP] Embed Pods Frameworks */,
			);
			buildRules = (
			);
			dependencies = (
			);
			name = bungeeapp;
			productName = bungeeapp;
			productReference = 7C56C3B124883211009E1B67 /* bungeeapp.app */;
			productType = "com.apple.product-type.application";
		};
/* End PBXNativeTarget section */

/* Begin PBXProject section */
		7C56C3A924883211009E1B67 /* Project object */ = {
			isa = PBXProject;
			attributes = {
				LastSwiftUpdateCheck = 1140;
				LastUpgradeCheck = 1140;
				ORGANIZATIONNAME = "Bungee Inc.";
				TargetAttributes = {
					7C56C3B024883211009E1B67 = {
						CreatedOnToolsVersion = 11.4.1;
					};
				};
			};
			buildConfigurationList = 7C56C3AC24883211009E1B67 /* Build configuration list for PBXProject "bungeeapp" */;
			compatibilityVersion = "Xcode 9.3";
			developmentRegion = en;
			hasScannedForEncodings = 0;
			knownRegions = (
				en,
				Base,
			);
			mainGroup = 7C56C3A824883211009E1B67;
			productRefGroup = 7C56C3B224883211009E1B67 /* Products */;
			projectDirPath = "";
			projectRoot = "";
			targets = (
				7C56C3B024883211009E1B67 /* bungeeapp */,
			);
		};
/* End PBXProject section */

/* Begin PBXResourcesBuildPhase section */
		7C56C3AF24883211009E1B67 /* Resources */ = {
			isa = PBXResourcesBuildPhase;
			buildActionMask = 2147483647;
			files = (
				7C56C3C124883215009E1B67 /* LaunchScreen.storyboard in Resources */,
				7C56C3BE24883215009E1B67 /* Preview Assets.xcassets in Resources */,
				7C56C3BB24883215009E1B67 /* Assets.xcassets in Resources */,
			);
			runOnlyForDeploymentPostprocessing = 0;
		};
/* End PBXResourcesBuildPhase section */

/* Begin PBXShellScriptBuildPhase section */
		1D9A62413A4567B32F896213 /* [CP] Check Pods Manifest.lock */ = {
			isa = PBXShellScriptBuildPhase;
			buildActionMask = 2147483647;
			files = (
			);
			inputFileListPaths = (
			);
			inputPaths = (
				"${PODS_PODFILE_DIR_PATH}/Podfile.lock",
				"${PODS_ROOT}/Manifest.lock",
			);
			name = "[CP] Check Pods Manifest.lock";
			outputFileListPaths = (
			);
			outputPaths = (
				"$(DERIVED_FILE_DIR)/Pods-bungeeapp-checkManifestLockResult.txt",
			);
			runOnlyForDeploymentPostprocessing = 0;
			shellPath = /bin/sh;
			shellScript = "diff \"${PODS_PODFILE_DIR_PATH}/Podfile.lock\" \"${PODS_ROOT}/Manifest.lock\" > /dev/null\nif [ $? != 0 ] ; then\n    # print error to STDERR\n    echo \"error: The sandbox is not in sync with the Podfile.lock. Run 'pod install' or update your CocoaPods installation.\" >&2\n    exit 1\nfi\n# This output is used by Xcode 'outputs' to avoid re-running this script phase.\necho \"SUCCESS\" > \"${SCRIPT_OUTPUT_FILE_0}\"\n";
			showEnvVarsInLog = 0;
		};
		7586C72EC50DD32FB5209B69 /* [CP] Embed Pods Frameworks */ = {
			isa = PBXShellScriptBuildPhase;
			buildActionMask = 2147483647;
			files = (
			);
			inputFileListPaths = (
				"${PODS_ROOT}/Target Support Files/Pods-bungeeapp/Pods-bungeeapp-frameworks-${CONFIGURATION}-input-files.xcfilelist",
			);
			name = "[CP] Embed Pods Frameworks";
			outputFileListPaths = (
				"${PODS_ROOT}/Target Support Files/Pods-bungeeapp/Pods-bungeeapp-frameworks-${CONFIGURATION}-output-files.xcfilelist",
			);
			runOnlyForDeploymentPostprocessing = 0;
			shellPath = /bin/sh;
			shellScript = "\"${PODS_ROOT}/Target Support Files/Pods-bungeeapp/Pods-bungeeapp-frameworks.sh\"\n";
			showEnvVarsInLog = 0;
		};
/* End PBXShellScriptBuildPhase section */

/* Begin PBXSourcesBuildPhase section */
		7C56C3AD24883211009E1B67 /* Sources */ = {
			isa = PBXSourcesBuildPhase;
			buildActionMask = 2147483647;
			files = (
				7CD8643B248BA0EA00316CFA /* API.swift in Sources */,
				7C799DE3248C22F800882BA9 /* SwiftUIDismissKeyboard.swift in Sources */,
				7C56C3CF248833DC009E1B67 /* LoginResult.swift in Sources */,
				7CD86440248BDC6200316CFA /* RegisterView.swift in Sources */,
				7C56C3B524883211009E1B67 /* AppDelegate.swift in Sources */,
				7C24D0A5249148D100255BC2 /* ActionBar.swift in Sources */,
				7C56C3D924883C6D009E1B67 /* LoginResponse.swift in Sources */,
				7CD75DCA2492E13D00CB7C7D /* FeedResult.swift in Sources */,
				7C56C3B724883211009E1B67 /* SceneDelegate.swift in Sources */,
				7C2FA62E24884BC900A13BD3 /* RestClient.swift in Sources */,
				7C84C20B248FCFC2004A74E3 /* SessionHelper.swift in Sources */,
				7CD75DBF2492DCC000CB7C7D /* PostContent.swift in Sources */,
				7C799DF2248C5A8400882BA9 /* FeedView.swift in Sources */,
				7CD75DC32492DE8100CB7C7D /* FeedResponse.swift in Sources */,
				7C67843B2494F70B006D9D95 /* FeedViewModel.swift in Sources */,
				7C799DE5248C233300882BA9 /* UIResponder++.swift in Sources */,
				7CD86443248BDCF200316CFA /* RegisterResult.swift in Sources */,
				7C799DE7248C235F00882BA9 /* UIView++.swift in Sources */,
				7CD8643E248BB51900316CFA /* LoginView.swift in Sources */,
				7C56C3DE24883D02009E1B67 /* RegisterResponse.swift in Sources */,
				7CD86439248BA0AE00316CFA /* AnyEncodable.swift in Sources */,
				7C799DF5248D0EBA00882BA9 /* Extensions.swift in Sources */,
				7C56C3D724883C08009E1B67 /* LoginRequest.swift in Sources */,
				7C56C3E024883D3B009E1B67 /* RegisterRequest.swift in Sources */,
				7C799DE9248C237E00882BA9 /* SwiftUIKeyboardHost.swift in Sources */,
				7C56C3B924883211009E1B67 /* ContentView.swift in Sources */,
				7C24D0A2249134BD00255BC2 /* PostCell.swift in Sources */,
				7C799DF9248D39B500882BA9 /* LoginViewModel.swift in Sources */,
			);
			runOnlyForDeploymentPostprocessing = 0;
		};
/* End PBXSourcesBuildPhase section */

/* Begin PBXVariantGroup section */
		7C56C3BF24883215009E1B67 /* LaunchScreen.storyboard */ = {
			isa = PBXVariantGroup;
			children = (
				7C56C3C024883215009E1B67 /* Base */,
			);
			name = LaunchScreen.storyboard;
			sourceTree = "<group>";
		};
/* End PBXVariantGroup section */

/* Begin XCBuildConfiguration section */
		7C56C3C324883215009E1B67 /* Debug */ = {
			isa = XCBuildConfiguration;
			buildSettings = {
				ALWAYS_SEARCH_USER_PATHS = NO;
				CLANG_ANALYZER_NONNULL = YES;
				CLANG_ANALYZER_NUMBER_OBJECT_CONVERSION = YES_AGGRESSIVE;
				CLANG_CXX_LANGUAGE_STANDARD = "gnu++14";
				CLANG_CXX_LIBRARY = "libc++";
				CLANG_ENABLE_MODULES = YES;
				CLANG_ENABLE_OBJC_ARC = YES;
				CLANG_ENABLE_OBJC_WEAK = YES;
				CLANG_WARN_BLOCK_CAPTURE_AUTORELEASING = YES;
				CLANG_WARN_BOOL_CONVERSION = YES;
				CLANG_WARN_COMMA = YES;
				CLANG_WARN_CONSTANT_CONVERSION = YES;
				CLANG_WARN_DEPRECATED_OBJC_IMPLEMENTATIONS = YES;
				CLANG_WARN_DIRECT_OBJC_ISA_USAGE = YES_ERROR;
				CLANG_WARN_DOCUMENTATION_COMMENTS = YES;
				CLANG_WARN_EMPTY_BODY = YES;
				CLANG_WARN_ENUM_CONVERSION = YES;
				CLANG_WARN_INFINITE_RECURSION = YES;
				CLANG_WARN_INT_CONVERSION = YES;
				CLANG_WARN_NON_LITERAL_NULL_CONVERSION = YES;
				CLANG_WARN_OBJC_IMPLICIT_RETAIN_SELF = YES;
				CLANG_WARN_OBJC_LITERAL_CONVERSION = YES;
				CLANG_WARN_OBJC_ROOT_CLASS = YES_ERROR;
				CLANG_WARN_RANGE_LOOP_ANALYSIS = YES;
				CLANG_WARN_STRICT_PROTOTYPES = YES;
				CLANG_WARN_SUSPICIOUS_MOVE = YES;
				CLANG_WARN_UNGUARDED_AVAILABILITY = YES_AGGRESSIVE;
				CLANG_WARN_UNREACHABLE_CODE = YES;
				CLANG_WARN__DUPLICATE_METHOD_MATCH = YES;
				COPY_PHASE_STRIP = NO;
				DEBUG_INFORMATION_FORMAT = dwarf;
				ENABLE_STRICT_OBJC_MSGSEND = YES;
				ENABLE_TESTABILITY = YES;
				GCC_C_LANGUAGE_STANDARD = gnu11;
				GCC_DYNAMIC_NO_PIC = NO;
				GCC_NO_COMMON_BLOCKS = YES;
				GCC_OPTIMIZATION_LEVEL = 0;
				GCC_PREPROCESSOR_DEFINITIONS = (
					"DEBUG=1",
					"$(inherited)",
				);
				GCC_WARN_64_TO_32_BIT_CONVERSION = YES;
				GCC_WARN_ABOUT_RETURN_TYPE = YES_ERROR;
				GCC_WARN_UNDECLARED_SELECTOR = YES;
				GCC_WARN_UNINITIALIZED_AUTOS = YES_AGGRESSIVE;
				GCC_WARN_UNUSED_FUNCTION = YES;
				GCC_WARN_UNUSED_VARIABLE = YES;
				IPHONEOS_DEPLOYMENT_TARGET = 13.4;
				MTL_ENABLE_DEBUG_INFO = INCLUDE_SOURCE;
				MTL_FAST_MATH = YES;
				ONLY_ACTIVE_ARCH = YES;
				SDKROOT = iphoneos;
				SWIFT_ACTIVE_COMPILATION_CONDITIONS = DEBUG;
				SWIFT_OPTIMIZATION_LEVEL = "-Onone";
			};
			name = Debug;
		};
		7C56C3C424883215009E1B67 /* Release */ = {
			isa = XCBuildConfiguration;
			buildSettings = {
				ALWAYS_SEARCH_USER_PATHS = NO;
				CLANG_ANALYZER_NONNULL = YES;
				CLANG_ANALYZER_NUMBER_OBJECT_CONVERSION = YES_AGGRESSIVE;
				CLANG_CXX_LANGUAGE_STANDARD = "gnu++14";
				CLANG_CXX_LIBRARY = "libc++";
				CLANG_ENABLE_MODULES = YES;
				CLANG_ENABLE_OBJC_ARC = YES;
				CLANG_ENABLE_OBJC_WEAK = YES;
				CLANG_WARN_BLOCK_CAPTURE_AUTORELEASING = YES;
				CLANG_WARN_BOOL_CONVERSION = YES;
				CLANG_WARN_COMMA = YES;
				CLANG_WARN_CONSTANT_CONVERSION = YES;
				CLANG_WARN_DEPRECATED_OBJC_IMPLEMENTATIONS = YES;
				CLANG_WARN_DIRECT_OBJC_ISA_USAGE = YES_ERROR;
				CLANG_WARN_DOCUMENTATION_COMMENTS = YES;
				CLANG_WARN_EMPTY_BODY = YES;
				CLANG_WARN_ENUM_CONVERSION = YES;
				CLANG_WARN_INFINITE_RECURSION = YES;
				CLANG_WARN_INT_CONVERSION = YES;
				CLANG_WARN_NON_LITERAL_NULL_CONVERSION = YES;
				CLANG_WARN_OBJC_IMPLICIT_RETAIN_SELF = YES;
				CLANG_WARN_OBJC_LITERAL_CONVERSION = YES;
				CLANG_WARN_OBJC_ROOT_CLASS = YES_ERROR;
				CLANG_WARN_RANGE_LOOP_ANALYSIS = YES;
				CLANG_WARN_STRICT_PROTOTYPES = YES;
				CLANG_WARN_SUSPICIOUS_MOVE = YES;
				CLANG_WARN_UNGUARDED_AVAILABILITY = YES_AGGRESSIVE;
				CLANG_WARN_UNREACHABLE_CODE = YES;
				CLANG_WARN__DUPLICATE_METHOD_MATCH = YES;
				COPY_PHASE_STRIP = NO;
				DEBUG_INFORMATION_FORMAT = "dwarf-with-dsym";
				ENABLE_NS_ASSERTIONS = NO;
				ENABLE_STRICT_OBJC_MSGSEND = YES;
				GCC_C_LANGUAGE_STANDARD = gnu11;
				GCC_NO_COMMON_BLOCKS = YES;
				GCC_WARN_64_TO_32_BIT_CONVERSION = YES;
				GCC_WARN_ABOUT_RETURN_TYPE = YES_ERROR;
				GCC_WARN_UNDECLARED_SELECTOR = YES;
				GCC_WARN_UNINITIALIZED_AUTOS = YES_AGGRESSIVE;
				GCC_WARN_UNUSED_FUNCTION = YES;
				GCC_WARN_UNUSED_VARIABLE = YES;
				IPHONEOS_DEPLOYMENT_TARGET = 13.4;
				MTL_ENABLE_DEBUG_INFO = NO;
				MTL_FAST_MATH = YES;
				SDKROOT = iphoneos;
				SWIFT_COMPILATION_MODE = wholemodule;
				SWIFT_OPTIMIZATION_LEVEL = "-O";
				VALIDATE_PRODUCT = YES;
			};
			name = Release;
		};
		7C56C3C624883215009E1B67 /* Debug */ = {
			isa = XCBuildConfiguration;
			baseConfigurationReference = 22FFADD7D58664974595B779 /* Pods-bungeeapp.debug.xcconfig */;
			buildSettings = {
				ASSETCATALOG_COMPILER_APPICON_NAME = AppIcon;
				CODE_SIGN_STYLE = Automatic;
				DEVELOPMENT_ASSET_PATHS = "\"bungeeapp/Preview Content\"";
				DEVELOPMENT_TEAM = 4KBFY8F29R;
				ENABLE_PREVIEWS = YES;
				INFOPLIST_FILE = bungeeapp/Info.plist;
				LD_RUNPATH_SEARCH_PATHS = (
					"$(inherited)",
					"@executable_path/Frameworks",
				);
				PRODUCT_BUNDLE_IDENTIFIER = com.bungee.bungeeapp;
				PRODUCT_NAME = "$(TARGET_NAME)";
				SWIFT_VERSION = 5.0;
				TARGETED_DEVICE_FAMILY = "1,2";
			};
			name = Debug;
		};
		7C56C3C724883215009E1B67 /* Release */ = {
			isa = XCBuildConfiguration;
			baseConfigurationReference = 9A7D12D58C37E54767D3BFCB /* Pods-bungeeapp.release.xcconfig */;
			buildSettings = {
				ASSETCATALOG_COMPILER_APPICON_NAME = AppIcon;
				CODE_SIGN_STYLE = Automatic;
				DEVELOPMENT_ASSET_PATHS = "\"bungeeapp/Preview Content\"";
				DEVELOPMENT_TEAM = 4KBFY8F29R;
				ENABLE_PREVIEWS = YES;
				INFOPLIST_FILE = bungeeapp/Info.plist;
				LD_RUNPATH_SEARCH_PATHS = (
					"$(inherited)",
					"@executable_path/Frameworks",
				);
				PRODUCT_BUNDLE_IDENTIFIER = com.bungee.bungeeapp;
				PRODUCT_NAME = "$(TARGET_NAME)";
				SWIFT_VERSION = 5.0;
				TARGETED_DEVICE_FAMILY = "1,2";
			};
			name = Release;
		};
/* End XCBuildConfiguration section */

/* Begin XCConfigurationList section */
		7C56C3AC24883211009E1B67 /* Build configuration list for PBXProject "bungeeapp" */ = {
			isa = XCConfigurationList;
			buildConfigurations = (
				7C56C3C324883215009E1B67 /* Debug */,
				7C56C3C424883215009E1B67 /* Release */,
			);
			defaultConfigurationIsVisible = 0;
			defaultConfigurationName = Release;
		};
		7C56C3C524883215009E1B67 /* Build configuration list for PBXNativeTarget "bungeeapp" */ = {
			isa = XCConfigurationList;
			buildConfigurations = (
				7C56C3C624883215009E1B67 /* Debug */,
				7C56C3C724883215009E1B67 /* Release */,
			);
			defaultConfigurationIsVisible = 0;
			defaultConfigurationName = Release;
		};
/* End XCConfigurationList section */
	};
	rootObject = 7C56C3A924883211009E1B67 /* Project object */;
}
